
Microsoft Visual Studio Solution File, Format Version 12.00
# Visual Studio Version 16
VisualStudioVersion = 16.0.810.14
MinimumVisualStudioVersion = 10.0.40219.1
Project("{FAE04EC0-301F-11D3-BF4B-00C04F79EFBC}") = "FootballAdministration.Server", "FootballAdministration\Server\FootballAdministration.Server.csproj", "{8379C2E7-A144-4C42-9B97-5227C0A206CC}"
EndProject
Project("{FAE04EC0-301F-11D3-BF4B-00C04F79EFBC}") = "FootballAdministration.Client", "FootballAdministration\Client\FootballAdministration.Client.csproj", "{EF9D257D-A273-41FC-A754-72EA9E10178E}"
EndProject
Project("{FAE04EC0-301F-11D3-BF4B-00C04F79EFBC}") = "FootballAdministration.Shared", "FootballAdministration\Shared\FootballAdministration.Shared.csproj", "{5CE35EEA-2297-4A95-89F3-D091C1FAB4BE}"
EndProject
Global
	GlobalSection(SolutionConfigurationPlatforms) = preSolution
		Debug|Any CPU = Debug|Any CPU
		Release|Any CPU = Release|Any CPU
	EndGlobalSection
	GlobalSection(ProjectConfigurationPlatforms) = postSolution
		{8379C2E7-A144-4C42-9B97-5227C0A206CC}.Debug|Any CPU.ActiveCfg = Debug|Any CPU
		{8379C2E7-A144-4C42-9B97-5227C0A206CC}.Debug|Any CPU.Build.0 = Debug|Any CPU
		{8379C2E7-A144-4C42-9B97-5227C0A206CC}.Release|Any CPU.ActiveCfg = Release|Any CPU
		{8379C2E7-A144-4C42-9B97-5227C0A206CC}.Release|Any CPU.Build.0 = Release|Any CPU
		{EF9D257D-A273-41FC-A754-72EA9E10178E}.Debug|Any CPU.ActiveCfg = Debug|Any CPU
		{EF9D257D-A273-41FC-A754-72EA9E10178E}.Debug|Any CPU.Build.0 = Debug|Any CPU
		{EF9D257D-A273-41FC-A754-72EA9E10178E}.Release|Any CPU.ActiveCfg = Release|Any CPU
		{EF9D257D-A273-41FC-A754-72EA9E10178E}.Release|Any CPU.Build.0 = Release|Any CPU
		{5CE35EEA-2297-4A95-89F3-D091C1FAB4BE}.Debug|Any CPU.ActiveCfg = Debug|Any CPU
		{5CE35EEA-2297-4A95-89F3-D091C1FAB4BE}.Debug|Any CPU.Build.0 = Debug|Any CPU
		{5CE35EEA-2297-4A95-89F3-D091C1FAB4BE}.Release|Any CPU.ActiveCfg = Release|Any CPU
		{5CE35EEA-2297-4A95-89F3-D091C1FAB4BE}.Release|Any CPU.Build.0 = Release|Any CPU
	EndGlobalSection
	GlobalSection(SolutionProperties) = preSolution
		HideSolutionNode = FALSE
	EndGlobalSection
	GlobalSection(ExtensibilityGlobals) = postSolution
		SolutionGuid = {B3DE597F-5FE6-431E-891E-1B50B1DAE517}
	EndGlobalSection
EndGlobal
